// !$*UTF8*$!
{
	archiveVersion = 1;
	classes = {
	};
	objectVersion = 56;
	objects = {

/* Begin PBXBuildFile section */
		502DA8D82B7019AB003B8813 /* calculateDistance.swift in Sources */ = {isa = PBXBuildFile; fileRef = 502DA8D72B7019AB003B8813 /* calculateDistance.swift */; };
		502DA8DA2B702322003B8813 /* findPointByLocation.swift in Sources */ = {isa = PBXBuildFile; fileRef = 502DA8D92B702322003B8813 /* findPointByLocation.swift */; };
		502DA8DC2B7029E3003B8813 /* removeDocument.swift in Sources */ = {isa = PBXBuildFile; fileRef = 502DA8DB2B7029E3003B8813 /* removeDocument.swift */; };
		502DA8DE2B73C929003B8813 /* deleteImage.swift in Sources */ = {isa = PBXBuildFile; fileRef = 502DA8DD2B73C929003B8813 /* deleteImage.swift */; };
		502DA8E22B7658F0003B8813 /* SearchView.swift in Sources */ = {isa = PBXBuildFile; fileRef = 502DA8E12B7658F0003B8813 /* SearchView.swift */; };
		502DA8E42B780AF0003B8813 /* MKPlacemark.swift in Sources */ = {isa = PBXBuildFile; fileRef = 502DA8E32B780AF0003B8813 /* MKPlacemark.swift */; };
		502DA8E62B7A3F94003B8813 /* showRemoveDocumentAlert.swift in Sources */ = {isa = PBXBuildFile; fileRef = 502DA8E52B7A3F94003B8813 /* showRemoveDocumentAlert.swift */; };
		502DA8E92B7A7248003B8813 /* GeohashKit in Frameworks */ = {isa = PBXBuildFile; productRef = 502DA8E82B7A7248003B8813 /* GeohashKit */; };
		502DA8EB2B7A9557003B8813 /* calculateDestinationPoint.swift in Sources */ = {isa = PBXBuildFile; fileRef = 502DA8EA2B7A9557003B8813 /* calculateDestinationPoint.swift */; };
		502DA8ED2B7B82A5003B8813 /* LaunchScreen.storyboard in Resources */ = {isa = PBXBuildFile; fileRef = 502DA8EC2B7B82A5003B8813 /* LaunchScreen.storyboard */; };
		502DA8F12B7C0B1B003B8813 /* filterView.swift in Sources */ = {isa = PBXBuildFile; fileRef = 502DA8F02B7C0B1B003B8813 /* filterView.swift */; };
		502DA8F32B7CE6A6003B8813 /* navigationAlert.swift in Sources */ = {isa = PBXBuildFile; fileRef = 502DA8F22B7CE6A6003B8813 /* navigationAlert.swift */; };
		502DA8F52B7CE7A2003B8813 /* openInMaps.swift in Sources */ = {isa = PBXBuildFile; fileRef = 502DA8F42B7CE7A2003B8813 /* openInMaps.swift */; };
		502DA8F72B7CFEE7003B8813 /* NavigationOptionModal.swift in Sources */ = {isa = PBXBuildFile; fileRef = 502DA8F62B7CFEE7003B8813 /* NavigationOptionModal.swift */; };
		502DA8F92B7D4AEF003B8813 /* BlurView.swift in Sources */ = {isa = PBXBuildFile; fileRef = 502DA8F82B7D4AEF003B8813 /* BlurView.swift */; };
		502DA8FB2B7D66A3003B8813 /* ImageCache.swift in Sources */ = {isa = PBXBuildFile; fileRef = 502DA8FA2B7D66A3003B8813 /* ImageCache.swift */; };
		502DA8FE2B7D6723003B8813 /* CachedAsyncImage.swift in Sources */ = {isa = PBXBuildFile; fileRef = 502DA8FD2B7D6723003B8813 /* CachedAsyncImage.swift */; };
		502DA8FF2B7E82AF003B8813 /* GoogleService-Info.plist in Resources */ = {isa = PBXBuildFile; fileRef = 50384B1B2B616B0D009DF7C7 /* GoogleService-Info.plist */; };
		50384AF92B5DB282009DF7C7 /* DrinkingPointApp.swift in Sources */ = {isa = PBXBuildFile; fileRef = 50384AF82B5DB282009DF7C7 /* DrinkingPointApp.swift */; };
		50384AFB2B5DB282009DF7C7 /* ContentView.swift in Sources */ = {isa = PBXBuildFile; fileRef = 50384AFA2B5DB282009DF7C7 /* ContentView.swift */; };
		50384AFD2B5DB286009DF7C7 /* Assets.xcassets in Resources */ = {isa = PBXBuildFile; fileRef = 50384AFC2B5DB286009DF7C7 /* Assets.xcassets */; };
		50384B002B5DB286009DF7C7 /* Preview Assets.xcassets in Resources */ = {isa = PBXBuildFile; fileRef = 50384AFF2B5DB286009DF7C7 /* Preview Assets.xcassets */; };
		50384B022B5DB286009DF7C7 /* Persistence.swift in Sources */ = {isa = PBXBuildFile; fileRef = 50384B012B5DB286009DF7C7 /* Persistence.swift */; };
		50384B052B5DB286009DF7C7 /* DrinkingPoint.xcdatamodeld in Sources */ = {isa = PBXBuildFile; fileRef = 50384B032B5DB286009DF7C7 /* DrinkingPoint.xcdatamodeld */; };
		50384B0D2B5DB36C009DF7C7 /* MapViewManager.swift in Sources */ = {isa = PBXBuildFile; fileRef = 50384B0C2B5DB36C009DF7C7 /* MapViewManager.swift */; };
		50384B122B5EFAB9009DF7C7 /* LocationManager.swift in Sources */ = {isa = PBXBuildFile; fileRef = 50384B112B5EFAB9009DF7C7 /* LocationManager.swift */; };
		50384B142B601C3D009DF7C7 /* ButtonsView.swift in Sources */ = {isa = PBXBuildFile; fileRef = 50384B132B601C3D009DF7C7 /* ButtonsView.swift */; };
		50384B162B602DE0009DF7C7 /* ImagePickerViewModel.swift in Sources */ = {isa = PBXBuildFile; fileRef = 50384B152B602DE0009DF7C7 /* ImagePickerViewModel.swift */; };
		50384B182B602E51009DF7C7 /* ImagePickerView.swift in Sources */ = {isa = PBXBuildFile; fileRef = 50384B172B602E51009DF7C7 /* ImagePickerView.swift */; };
		50384B1F2B617124009DF7C7 /* FirebaseAnalytics in Frameworks */ = {isa = PBXBuildFile; productRef = 50384B1E2B617124009DF7C7 /* FirebaseAnalytics */; };
		50384B212B617124009DF7C7 /* FirebaseAnalyticsOnDeviceConversion in Frameworks */ = {isa = PBXBuildFile; productRef = 50384B202B617124009DF7C7 /* FirebaseAnalyticsOnDeviceConversion */; };
		50384B232B617124009DF7C7 /* FirebaseAnalyticsSwift in Frameworks */ = {isa = PBXBuildFile; productRef = 50384B222B617124009DF7C7 /* FirebaseAnalyticsSwift */; };
		50384B252B617124009DF7C7 /* FirebaseAnalyticsWithoutAdIdSupport in Frameworks */ = {isa = PBXBuildFile; productRef = 50384B242B617124009DF7C7 /* FirebaseAnalyticsWithoutAdIdSupport */; };
		50384B272B617124009DF7C7 /* FirebaseAppCheck in Frameworks */ = {isa = PBXBuildFile; productRef = 50384B262B617124009DF7C7 /* FirebaseAppCheck */; };
		50384B292B617124009DF7C7 /* FirebaseAppDistribution-Beta in Frameworks */ = {isa = PBXBuildFile; productRef = 50384B282B617124009DF7C7 /* FirebaseAppDistribution-Beta */; };
		50384B2B2B617124009DF7C7 /* FirebaseAuth in Frameworks */ = {isa = PBXBuildFile; productRef = 50384B2A2B617124009DF7C7 /* FirebaseAuth */; };
		50384B2D2B617124009DF7C7 /* FirebaseAuthCombine-Community in Frameworks */ = {isa = PBXBuildFile; productRef = 50384B2C2B617124009DF7C7 /* FirebaseAuthCombine-Community */; };
		50384B2F2B617124009DF7C7 /* FirebaseCrashlytics in Frameworks */ = {isa = PBXBuildFile; productRef = 50384B2E2B617124009DF7C7 /* FirebaseCrashlytics */; };
		50384B312B617124009DF7C7 /* FirebaseDatabase in Frameworks */ = {isa = PBXBuildFile; productRef = 50384B302B617124009DF7C7 /* FirebaseDatabase */; };
		50384B332B617124009DF7C7 /* FirebaseDatabaseSwift in Frameworks */ = {isa = PBXBuildFile; productRef = 50384B322B617124009DF7C7 /* FirebaseDatabaseSwift */; };
		50384B352B617124009DF7C7 /* FirebaseDynamicLinks in Frameworks */ = {isa = PBXBuildFile; productRef = 50384B342B617124009DF7C7 /* FirebaseDynamicLinks */; };
		50384B372B617124009DF7C7 /* FirebaseFirestore in Frameworks */ = {isa = PBXBuildFile; productRef = 50384B362B617124009DF7C7 /* FirebaseFirestore */; };
		50384B392B617124009DF7C7 /* FirebaseFirestoreCombine-Community in Frameworks */ = {isa = PBXBuildFile; productRef = 50384B382B617124009DF7C7 /* FirebaseFirestoreCombine-Community */; };
		50384B3B2B617124009DF7C7 /* FirebaseFirestoreSwift in Frameworks */ = {isa = PBXBuildFile; productRef = 50384B3A2B617124009DF7C7 /* FirebaseFirestoreSwift */; };
		50384B3D2B617124009DF7C7 /* FirebaseFunctions in Frameworks */ = {isa = PBXBuildFile; productRef = 50384B3C2B617124009DF7C7 /* FirebaseFunctions */; };
		50384B3F2B617124009DF7C7 /* FirebaseFunctionsCombine-Community in Frameworks */ = {isa = PBXBuildFile; productRef = 50384B3E2B617124009DF7C7 /* FirebaseFunctionsCombine-Community */; };
		50384B412B617124009DF7C7 /* FirebaseInAppMessaging-Beta in Frameworks */ = {isa = PBXBuildFile; productRef = 50384B402B617124009DF7C7 /* FirebaseInAppMessaging-Beta */; };
		50384B432B617124009DF7C7 /* FirebaseInAppMessagingSwift-Beta in Frameworks */ = {isa = PBXBuildFile; productRef = 50384B422B617124009DF7C7 /* FirebaseInAppMessagingSwift-Beta */; };
		50384B452B617124009DF7C7 /* FirebaseInstallations in Frameworks */ = {isa = PBXBuildFile; productRef = 50384B442B617124009DF7C7 /* FirebaseInstallations */; };
		50384B472B617124009DF7C7 /* FirebaseMLModelDownloader in Frameworks */ = {isa = PBXBuildFile; productRef = 50384B462B617124009DF7C7 /* FirebaseMLModelDownloader */; };
		50384B492B617124009DF7C7 /* FirebaseMessaging in Frameworks */ = {isa = PBXBuildFile; productRef = 50384B482B617124009DF7C7 /* FirebaseMessaging */; };
		50384B4B2B617124009DF7C7 /* FirebasePerformance in Frameworks */ = {isa = PBXBuildFile; productRef = 50384B4A2B617124009DF7C7 /* FirebasePerformance */; };
		50384B4D2B617124009DF7C7 /* FirebaseRemoteConfig in Frameworks */ = {isa = PBXBuildFile; productRef = 50384B4C2B617124009DF7C7 /* FirebaseRemoteConfig */; };
		50384B4F2B617124009DF7C7 /* FirebaseRemoteConfigSwift in Frameworks */ = {isa = PBXBuildFile; productRef = 50384B4E2B617124009DF7C7 /* FirebaseRemoteConfigSwift */; };
		50384B512B617124009DF7C7 /* FirebaseStorage in Frameworks */ = {isa = PBXBuildFile; productRef = 50384B502B617124009DF7C7 /* FirebaseStorage */; };
		50384B532B617124009DF7C7 /* FirebaseStorageCombine-Community in Frameworks */ = {isa = PBXBuildFile; productRef = 50384B522B617124009DF7C7 /* FirebaseStorageCombine-Community */; };
		50384B552B6172CC009DF7C7 /* AppDelegate.swift in Sources */ = {isa = PBXBuildFile; fileRef = 50384B542B6172CC009DF7C7 /* AppDelegate.swift */; };
		50384B582B62A0BF009DF7C7 /* UploadImage.swift in Sources */ = {isa = PBXBuildFile; fileRef = 50384B572B62A0BF009DF7C7 /* UploadImage.swift */; };
		50384B5B2B62C5EE009DF7C7 /* FirestoreManager.swift in Sources */ = {isa = PBXBuildFile; fileRef = 50384B5A2B62C5ED009DF7C7 /* FirestoreManager.swift */; };
		50384B5D2B62C698009DF7C7 /* AddDocument.swift in Sources */ = {isa = PBXBuildFile; fileRef = 50384B5C2B62C698009DF7C7 /* AddDocument.swift */; };
		50CE245F2B66E5DE004CA5F7 /* ShowAlert.swift in Sources */ = {isa = PBXBuildFile; fileRef = 50CE245E2B66E5DE004CA5F7 /* ShowAlert.swift */; };
		50CE24622B66E732004CA5F7 /* UIViewController.swift in Sources */ = {isa = PBXBuildFile; fileRef = 50CE24612B66E732004CA5F7 /* UIViewController.swift */; };
		50CE24642B66FC00004CA5F7 /* addSnapshotListener.swift in Sources */ = {isa = PBXBuildFile; fileRef = 50CE24632B66FC00004CA5F7 /* addSnapshotListener.swift */; };
		50CE24662B6AF17F004CA5F7 /* updateDocument.swift in Sources */ = {isa = PBXBuildFile; fileRef = 50CE24652B6AF17F004CA5F7 /* updateDocument.swift */; };
		50CE24682B6C3651004CA5F7 /* CustomAnnotation.swift in Sources */ = {isa = PBXBuildFile; fileRef = 50CE24672B6C3651004CA5F7 /* CustomAnnotation.swift */; };
/* End PBXBuildFile section */

/* Begin PBXFileReference section */
		502DA8D72B7019AB003B8813 /* calculateDistance.swift */ = {isa = PBXFileReference; lastKnownFileType = sourcecode.swift; path = calculateDistance.swift; sourceTree = "<group>"; };
		502DA8D92B702322003B8813 /* findPointByLocation.swift */ = {isa = PBXFileReference; lastKnownFileType = sourcecode.swift; path = findPointByLocation.swift; sourceTree = "<group>"; };
		502DA8DB2B7029E3003B8813 /* removeDocument.swift */ = {isa = PBXFileReference; lastKnownFileType = sourcecode.swift; path = removeDocument.swift; sourceTree = "<group>"; };
		502DA8DD2B73C929003B8813 /* deleteImage.swift */ = {isa = PBXFileReference; lastKnownFileType = sourcecode.swift; path = deleteImage.swift; sourceTree = "<group>"; };
		502DA8E12B7658F0003B8813 /* SearchView.swift */ = {isa = PBXFileReference; lastKnownFileType = sourcecode.swift; path = SearchView.swift; sourceTree = "<group>"; };
		502DA8E32B780AF0003B8813 /* MKPlacemark.swift */ = {isa = PBXFileReference; lastKnownFileType = sourcecode.swift; path = MKPlacemark.swift; sourceTree = "<group>"; };
		502DA8E52B7A3F94003B8813 /* showRemoveDocumentAlert.swift */ = {isa = PBXFileReference; lastKnownFileType = sourcecode.swift; path = showRemoveDocumentAlert.swift; sourceTree = "<group>"; };
		502DA8EA2B7A9557003B8813 /* calculateDestinationPoint.swift */ = {isa = PBXFileReference; lastKnownFileType = sourcecode.swift; path = calculateDestinationPoint.swift; sourceTree = "<group>"; };
		502DA8EC2B7B82A5003B8813 /* LaunchScreen.storyboard */ = {isa = PBXFileReference; lastKnownFileType = file.storyboard; path = LaunchScreen.storyboard; sourceTree = "<group>"; };
		502DA8F02B7C0B1B003B8813 /* filterView.swift */ = {isa = PBXFileReference; lastKnownFileType = sourcecode.swift; path = filterView.swift; sourceTree = "<group>"; };
		502DA8F22B7CE6A6003B8813 /* navigationAlert.swift */ = {isa = PBXFileReference; lastKnownFileType = sourcecode.swift; path = navigationAlert.swift; sourceTree = "<group>"; };
		502DA8F42B7CE7A2003B8813 /* openInMaps.swift */ = {isa = PBXFileReference; lastKnownFileType = sourcecode.swift; path = openInMaps.swift; sourceTree = "<group>"; };
		502DA8F62B7CFEE7003B8813 /* NavigationOptionModal.swift */ = {isa = PBXFileReference; lastKnownFileType = sourcecode.swift; path = NavigationOptionModal.swift; sourceTree = "<group>"; };
		502DA8F82B7D4AEF003B8813 /* BlurView.swift */ = {isa = PBXFileReference; lastKnownFileType = sourcecode.swift; path = BlurView.swift; sourceTree = "<group>"; };
		502DA8FA2B7D66A3003B8813 /* ImageCache.swift */ = {isa = PBXFileReference; lastKnownFileType = sourcecode.swift; path = ImageCache.swift; sourceTree = "<group>"; };
		502DA8FD2B7D6723003B8813 /* CachedAsyncImage.swift */ = {isa = PBXFileReference; lastKnownFileType = sourcecode.swift; path = CachedAsyncImage.swift; sourceTree = "<group>"; };
		502DA9002B7F8157003B8813 /* Info.plist */ = {isa = PBXFileReference; lastKnownFileType = text.plist; path = Info.plist; sourceTree = "<group>"; };
		502DA9012B7F8637003B8813 /* DrinkingPoint.entitlements */ = {isa = PBXFileReference; lastKnownFileType = text.plist.entitlements; path = DrinkingPoint.entitlements; sourceTree = "<group>"; };
		50384AF52B5DB282009DF7C7 /* DrinkingPoint.app */ = {isa = PBXFileReference; explicitFileType = wrapper.application; includeInIndex = 0; path = DrinkingPoint.app; sourceTree = BUILT_PRODUCTS_DIR; };
		50384AF82B5DB282009DF7C7 /* DrinkingPointApp.swift */ = {isa = PBXFileReference; lastKnownFileType = sourcecode.swift; path = DrinkingPointApp.swift; sourceTree = "<group>"; };
		50384AFA2B5DB282009DF7C7 /* ContentView.swift */ = {isa = PBXFileReference; lastKnownFileType = sourcecode.swift; path = ContentView.swift; sourceTree = "<group>"; };
		50384AFC2B5DB286009DF7C7 /* Assets.xcassets */ = {isa = PBXFileReference; lastKnownFileType = folder.assetcatalog; path = Assets.xcassets; sourceTree = "<group>"; };
		50384AFF2B5DB286009DF7C7 /* Preview Assets.xcassets */ = {isa = PBXFileReference; lastKnownFileType = folder.assetcatalog; path = "Preview Assets.xcassets"; sourceTree = "<group>"; };
		50384B012B5DB286009DF7C7 /* Persistence.swift */ = {isa = PBXFileReference; lastKnownFileType = sourcecode.swift; path = Persistence.swift; sourceTree = "<group>"; };
		50384B042B5DB286009DF7C7 /* DrinkingPoint.xcdatamodel */ = {isa = PBXFileReference; lastKnownFileType = wrapper.xcdatamodel; path = DrinkingPoint.xcdatamodel; sourceTree = "<group>"; };
		50384B0C2B5DB36C009DF7C7 /* MapViewManager.swift */ = {isa = PBXFileReference; lastKnownFileType = sourcecode.swift; path = MapViewManager.swift; sourceTree = "<group>"; };
		50384B112B5EFAB9009DF7C7 /* LocationManager.swift */ = {isa = PBXFileReference; lastKnownFileType = sourcecode.swift; path = LocationManager.swift; sourceTree = "<group>"; };
		50384B132B601C3D009DF7C7 /* ButtonsView.swift */ = {isa = PBXFileReference; lastKnownFileType = sourcecode.swift; path = ButtonsView.swift; sourceTree = "<group>"; };
		50384B152B602DE0009DF7C7 /* ImagePickerViewModel.swift */ = {isa = PBXFileReference; lastKnownFileType = sourcecode.swift; path = ImagePickerViewModel.swift; sourceTree = "<group>"; };
		50384B172B602E51009DF7C7 /* ImagePickerView.swift */ = {isa = PBXFileReference; lastKnownFileType = sourcecode.swift; path = ImagePickerView.swift; sourceTree = "<group>"; };
		50384B1B2B616B0D009DF7C7 /* GoogleService-Info.plist */ = {isa = PBXFileReference; fileEncoding = 4; lastKnownFileType = text.plist.xml; path = "GoogleService-Info.plist"; sourceTree = "<group>"; };
		50384B542B6172CC009DF7C7 /* AppDelegate.swift */ = {isa = PBXFileReference; lastKnownFileType = sourcecode.swift; path = AppDelegate.swift; sourceTree = "<group>"; };
		50384B572B62A0BF009DF7C7 /* UploadImage.swift */ = {isa = PBXFileReference; lastKnownFileType = sourcecode.swift; path = UploadImage.swift; sourceTree = "<group>"; };
		50384B5A2B62C5ED009DF7C7 /* FirestoreManager.swift */ = {isa = PBXFileReference; lastKnownFileType = sourcecode.swift; path = FirestoreManager.swift; sourceTree = "<group>"; };
		50384B5C2B62C698009DF7C7 /* AddDocument.swift */ = {isa = PBXFileReference; lastKnownFileType = sourcecode.swift; path = AddDocument.swift; sourceTree = "<group>"; };
		50CE245E2B66E5DE004CA5F7 /* ShowAlert.swift */ = {isa = PBXFileReference; lastKnownFileType = sourcecode.swift; path = ShowAlert.swift; sourceTree = "<group>"; };
		50CE24612B66E732004CA5F7 /* UIViewController.swift */ = {isa = PBXFileReference; lastKnownFileType = sourcecode.swift; path = UIViewController.swift; sourceTree = "<group>"; };
		50CE24632B66FC00004CA5F7 /* addSnapshotListener.swift */ = {isa = PBXFileReference; lastKnownFileType = sourcecode.swift; path = addSnapshotListener.swift; sourceTree = "<group>"; };
		50CE24652B6AF17F004CA5F7 /* updateDocument.swift */ = {isa = PBXFileReference; lastKnownFileType = sourcecode.swift; path = updateDocument.swift; sourceTree = "<group>"; };
		50CE24672B6C3651004CA5F7 /* CustomAnnotation.swift */ = {isa = PBXFileReference; lastKnownFileType = sourcecode.swift; path = CustomAnnotation.swift; sourceTree = "<group>"; };
/* End PBXFileReference section */

/* Begin PBXFrameworksBuildPhase section */
		50384AF22B5DB282009DF7C7 /* Frameworks */ = {
			isa = PBXFrameworksBuildPhase;
			buildActionMask = 2147483647;
			files = (
				50384B312B617124009DF7C7 /* FirebaseDatabase in Frameworks */,
				50384B3F2B617124009DF7C7 /* FirebaseFunctionsCombine-Community in Frameworks */,
				50384B372B617124009DF7C7 /* FirebaseFirestore in Frameworks */,
				50384B232B617124009DF7C7 /* FirebaseAnalyticsSwift in Frameworks */,
				50384B1F2B617124009DF7C7 /* FirebaseAnalytics in Frameworks */,
				50384B212B617124009DF7C7 /* FirebaseAnalyticsOnDeviceConversion in Frameworks */,
				50384B472B617124009DF7C7 /* FirebaseMLModelDownloader in Frameworks */,
				50384B3B2B617124009DF7C7 /* FirebaseFirestoreSwift in Frameworks */,
				50384B272B617124009DF7C7 /* FirebaseAppCheck in Frameworks */,
				50384B252B617124009DF7C7 /* FirebaseAnalyticsWithoutAdIdSupport in Frameworks */,
				50384B2B2B617124009DF7C7 /* FirebaseAuth in Frameworks */,
				50384B2F2B617124009DF7C7 /* FirebaseCrashlytics in Frameworks */,
				50384B4F2B617124009DF7C7 /* FirebaseRemoteConfigSwift in Frameworks */,
				50384B412B617124009DF7C7 /* FirebaseInAppMessaging-Beta in Frameworks */,
				50384B332B617124009DF7C7 /* FirebaseDatabaseSwift in Frameworks */,
				50384B3D2B617124009DF7C7 /* FirebaseFunctions in Frameworks */,
				50384B532B617124009DF7C7 /* FirebaseStorageCombine-Community in Frameworks */,
				50384B4D2B617124009DF7C7 /* FirebaseRemoteConfig in Frameworks */,
				50384B292B617124009DF7C7 /* FirebaseAppDistribution-Beta in Frameworks */,
				50384B2D2B617124009DF7C7 /* FirebaseAuthCombine-Community in Frameworks */,
				50384B4B2B617124009DF7C7 /* FirebasePerformance in Frameworks */,
				502DA8E92B7A7248003B8813 /* GeohashKit in Frameworks */,
				50384B432B617124009DF7C7 /* FirebaseInAppMessagingSwift-Beta in Frameworks */,
				50384B512B617124009DF7C7 /* FirebaseStorage in Frameworks */,
				50384B352B617124009DF7C7 /* FirebaseDynamicLinks in Frameworks */,
				50384B392B617124009DF7C7 /* FirebaseFirestoreCombine-Community in Frameworks */,
				50384B492B617124009DF7C7 /* FirebaseMessaging in Frameworks */,
				50384B452B617124009DF7C7 /* FirebaseInstallations in Frameworks */,
			);
			runOnlyForDeploymentPostprocessing = 0;
		};
/* End PBXFrameworksBuildPhase section */

/* Begin PBXGroup section */
		50384AEC2B5DB282009DF7C7 = {
			isa = PBXGroup;
			children = (
				50384B1B2B616B0D009DF7C7 /* GoogleService-Info.plist */,
				50384AF72B5DB282009DF7C7 /* DrinkingPoint */,
				50384AF62B5DB282009DF7C7 /* Products */,
			);
			sourceTree = "<group>";
		};
		50384AF62B5DB282009DF7C7 /* Products */ = {
			isa = PBXGroup;
			children = (
				50384AF52B5DB282009DF7C7 /* DrinkingPoint.app */,
			);
			name = Products;
			sourceTree = "<group>";
		};
		50384AF72B5DB282009DF7C7 /* DrinkingPoint */ = {
			isa = PBXGroup;
			children = (
				502DA9012B7F8637003B8813 /* DrinkingPoint.entitlements */,
				502DA9002B7F8157003B8813 /* Info.plist */,
				502DA8EC2B7B82A5003B8813 /* LaunchScreen.storyboard */,
				50384B102B5EFA9C009DF7C7 /* Classes */,
				50384AF82B5DB282009DF7C7 /* DrinkingPointApp.swift */,
				50CE24602B66E713004CA5F7 /* Extensions */,
				50384B562B62A090009DF7C7 /* Functions */,
				50384B0B2B5DB326009DF7C7 /* Views */,
				50384AFA2B5DB282009DF7C7 /* ContentView.swift */,
				50384AFC2B5DB286009DF7C7 /* Assets.xcassets */,
				50384B012B5DB286009DF7C7 /* Persistence.swift */,
				50384B032B5DB286009DF7C7 /* DrinkingPoint.xcdatamodeld */,
				50384AFE2B5DB286009DF7C7 /* Preview Content */,
			);
			path = DrinkingPoint;
			sourceTree = "<group>";
		};
		50384AFE2B5DB286009DF7C7 /* Preview Content */ = {
			isa = PBXGroup;
			children = (
				50384AFF2B5DB286009DF7C7 /* Preview Assets.xcassets */,
			);
			path = "Preview Content";
			sourceTree = "<group>";
		};
		50384B0B2B5DB326009DF7C7 /* Views */ = {
			isa = PBXGroup;
			children = (
				502DA8F82B7D4AEF003B8813 /* BlurView.swift */,
				50384B132B601C3D009DF7C7 /* ButtonsView.swift */,
				502DA8FD2B7D6723003B8813 /* CachedAsyncImage.swift */,
				502DA8F02B7C0B1B003B8813 /* filterView.swift */,
				50384B172B602E51009DF7C7 /* ImagePickerView.swift */,
				50384B0C2B5DB36C009DF7C7 /* MapViewManager.swift */,
				502DA8F62B7CFEE7003B8813 /* NavigationOptionModal.swift */,
				502DA8E12B7658F0003B8813 /* SearchView.swift */,
			);
			path = Views;
			sourceTree = "<group>";
		};
		50384B102B5EFA9C009DF7C7 /* Classes */ = {
			isa = PBXGroup;
			children = (
				50384B112B5EFAB9009DF7C7 /* LocationManager.swift */,
				50384B152B602DE0009DF7C7 /* ImagePickerViewModel.swift */,
				50384B542B6172CC009DF7C7 /* AppDelegate.swift */,
				50384B5A2B62C5ED009DF7C7 /* FirestoreManager.swift */,
				50CE24672B6C3651004CA5F7 /* CustomAnnotation.swift */,
				502DA8FA2B7D66A3003B8813 /* ImageCache.swift */,
			);
			path = Classes;
			sourceTree = "<group>";
		};
		50384B562B62A090009DF7C7 /* Functions */ = {
			isa = PBXGroup;
			children = (
				50384B5C2B62C698009DF7C7 /* AddDocument.swift */,
				50CE24632B66FC00004CA5F7 /* addSnapshotListener.swift */,
				502DA8D72B7019AB003B8813 /* calculateDistance.swift */,
				502DA8EA2B7A9557003B8813 /* calculateDestinationPoint.swift */,
				502DA8DD2B73C929003B8813 /* deleteImage.swift */,
				502DA8D92B702322003B8813 /* findPointByLocation.swift */,
				502DA8F22B7CE6A6003B8813 /* navigationAlert.swift */,
				502DA8F42B7CE7A2003B8813 /* openInMaps.swift */,
				50CE245E2B66E5DE004CA5F7 /* ShowAlert.swift */,
				502DA8E52B7A3F94003B8813 /* showRemoveDocumentAlert.swift */,
				50CE24652B6AF17F004CA5F7 /* updateDocument.swift */,
				50384B572B62A0BF009DF7C7 /* UploadImage.swift */,
				502DA8DB2B7029E3003B8813 /* removeDocument.swift */,
			);
			path = Functions;
			sourceTree = "<group>";
		};
		50CE24602B66E713004CA5F7 /* Extensions */ = {
			isa = PBXGroup;
			children = (
				50CE24612B66E732004CA5F7 /* UIViewController.swift */,
				502DA8E32B780AF0003B8813 /* MKPlacemark.swift */,
			);
			path = Extensions;
			sourceTree = "<group>";
		};
/* End PBXGroup section */

/* Begin PBXNativeTarget section */
		50384AF42B5DB282009DF7C7 /* DrinkingPoint */ = {
			isa = PBXNativeTarget;
			buildConfigurationList = 50384B082B5DB286009DF7C7 /* Build configuration list for PBXNativeTarget "DrinkingPoint" */;
			buildPhases = (
				50384AF12B5DB282009DF7C7 /* Sources */,
				50384AF22B5DB282009DF7C7 /* Frameworks */,
				50384AF32B5DB282009DF7C7 /* Resources */,
			);
			buildRules = (
			);
			dependencies = (
			);
			name = DrinkingPoint;
			packageProductDependencies = (
				50384B1E2B617124009DF7C7 /* FirebaseAnalytics */,
				50384B202B617124009DF7C7 /* FirebaseAnalyticsOnDeviceConversion */,
				50384B222B617124009DF7C7 /* FirebaseAnalyticsSwift */,
				50384B242B617124009DF7C7 /* FirebaseAnalyticsWithoutAdIdSupport */,
				50384B262B617124009DF7C7 /* FirebaseAppCheck */,
				50384B282B617124009DF7C7 /* FirebaseAppDistribution-Beta */,
				50384B2A2B617124009DF7C7 /* FirebaseAuth */,
				50384B2C2B617124009DF7C7 /* FirebaseAuthCombine-Community */,
				50384B2E2B617124009DF7C7 /* FirebaseCrashlytics */,
				50384B302B617124009DF7C7 /* FirebaseDatabase */,
				50384B322B617124009DF7C7 /* FirebaseDatabaseSwift */,
				50384B342B617124009DF7C7 /* FirebaseDynamicLinks */,
				50384B362B617124009DF7C7 /* FirebaseFirestore */,
				50384B382B617124009DF7C7 /* FirebaseFirestoreCombine-Community */,
				50384B3A2B617124009DF7C7 /* FirebaseFirestoreSwift */,
				50384B3C2B617124009DF7C7 /* FirebaseFunctions */,
				50384B3E2B617124009DF7C7 /* FirebaseFunctionsCombine-Community */,
				50384B402B617124009DF7C7 /* FirebaseInAppMessaging-Beta */,
				50384B422B617124009DF7C7 /* FirebaseInAppMessagingSwift-Beta */,
				50384B442B617124009DF7C7 /* FirebaseInstallations */,
				50384B462B617124009DF7C7 /* FirebaseMLModelDownloader */,
				50384B482B617124009DF7C7 /* FirebaseMessaging */,
				50384B4A2B617124009DF7C7 /* FirebasePerformance */,
				50384B4C2B617124009DF7C7 /* FirebaseRemoteConfig */,
				50384B4E2B617124009DF7C7 /* FirebaseRemoteConfigSwift */,
				50384B502B617124009DF7C7 /* FirebaseStorage */,
				50384B522B617124009DF7C7 /* FirebaseStorageCombine-Community */,
				502DA8E82B7A7248003B8813 /* GeohashKit */,
			);
			productName = DrinkingPoint;
			productReference = 50384AF52B5DB282009DF7C7 /* DrinkingPoint.app */;
			productType = "com.apple.product-type.application";
		};
/* End PBXNativeTarget section */

/* Begin PBXProject section */
		50384AED2B5DB282009DF7C7 /* Project object */ = {
			isa = PBXProject;
			attributes = {
				BuildIndependentTargetsInParallel = 1;
				LastSwiftUpdateCheck = 1510;
				LastUpgradeCheck = 1510;
				TargetAttributes = {
					50384AF42B5DB282009DF7C7 = {
						CreatedOnToolsVersion = 15.1;
					};
				};
			};
			buildConfigurationList = 50384AF02B5DB282009DF7C7 /* Build configuration list for PBXProject "DrinkingPoint" */;
			compatibilityVersion = "Xcode 14.0";
			developmentRegion = en;
			hasScannedForEncodings = 0;
			knownRegions = (
				en,
				Base,
			);
			mainGroup = 50384AEC2B5DB282009DF7C7;
			packageReferences = (
				50384B1D2B617124009DF7C7 /* XCRemoteSwiftPackageReference "firebase-ios-sdk" */,
				502DA8E72B7A7248003B8813 /* XCRemoteSwiftPackageReference "geohashkit" */,
			);
			productRefGroup = 50384AF62B5DB282009DF7C7 /* Products */;
			projectDirPath = "";
			projectRoot = "";
			targets = (
				50384AF42B5DB282009DF7C7 /* DrinkingPoint */,
			);
		};
/* End PBXProject section */

/* Begin PBXResourcesBuildPhase section */
		50384AF32B5DB282009DF7C7 /* Resources */ = {
			isa = PBXResourcesBuildPhase;
			buildActionMask = 2147483647;
			files = (
				502DA8ED2B7B82A5003B8813 /* LaunchScreen.storyboard in Resources */,
				502DA8FF2B7E82AF003B8813 /* GoogleService-Info.plist in Resources */,
				50384B002B5DB286009DF7C7 /* Preview Assets.xcassets in Resources */,
				50384AFD2B5DB286009DF7C7 /* Assets.xcassets in Resources */,
			);
			runOnlyForDeploymentPostprocessing = 0;
		};
/* End PBXResourcesBuildPhase section */

/* Begin PBXSourcesBuildPhase section */
		50384AF12B5DB282009DF7C7 /* Sources */ = {
			isa = PBXSourcesBuildPhase;
			buildActionMask = 2147483647;
			files = (
				50384B022B5DB286009DF7C7 /* Persistence.swift in Sources */,
				502DA8E62B7A3F94003B8813 /* showRemoveDocumentAlert.swift in Sources */,
				502DA8FB2B7D66A3003B8813 /* ImageCache.swift in Sources */,
				50384AFB2B5DB282009DF7C7 /* ContentView.swift in Sources */,
				50384B5D2B62C698009DF7C7 /* AddDocument.swift in Sources */,
				50CE24642B66FC00004CA5F7 /* addSnapshotListener.swift in Sources */,
				50CE24662B6AF17F004CA5F7 /* updateDocument.swift in Sources */,
				50384B162B602DE0009DF7C7 /* ImagePickerViewModel.swift in Sources */,
				502DA8DE2B73C929003B8813 /* deleteImage.swift in Sources */,
				50384B122B5EFAB9009DF7C7 /* LocationManager.swift in Sources */,
				50384B182B602E51009DF7C7 /* ImagePickerView.swift in Sources */,
				50384B582B62A0BF009DF7C7 /* UploadImage.swift in Sources */,
				50384B0D2B5DB36C009DF7C7 /* MapViewManager.swift in Sources */,
				502DA8EB2B7A9557003B8813 /* calculateDestinationPoint.swift in Sources */,
				50384B5B2B62C5EE009DF7C7 /* FirestoreManager.swift in Sources */,
				50CE24682B6C3651004CA5F7 /* CustomAnnotation.swift in Sources */,
				502DA8E22B7658F0003B8813 /* SearchView.swift in Sources */,
				502DA8F92B7D4AEF003B8813 /* BlurView.swift in Sources */,
				502DA8F32B7CE6A6003B8813 /* navigationAlert.swift in Sources */,
				50384B142B601C3D009DF7C7 /* ButtonsView.swift in Sources */,
				502DA8F12B7C0B1B003B8813 /* filterView.swift in Sources */,
				502DA8D82B7019AB003B8813 /* calculateDistance.swift in Sources */,
				50384B052B5DB286009DF7C7 /* DrinkingPoint.xcdatamodeld in Sources */,
				50CE245F2B66E5DE004CA5F7 /* ShowAlert.swift in Sources */,
				50384B552B6172CC009DF7C7 /* AppDelegate.swift in Sources */,
				50384AF92B5DB282009DF7C7 /* DrinkingPointApp.swift in Sources */,
				502DA8F72B7CFEE7003B8813 /* NavigationOptionModal.swift in Sources */,
				502DA8E42B780AF0003B8813 /* MKPlacemark.swift in Sources */,
				502DA8FE2B7D6723003B8813 /* CachedAsyncImage.swift in Sources */,
				502DA8DC2B7029E3003B8813 /* removeDocument.swift in Sources */,
				50CE24622B66E732004CA5F7 /* UIViewController.swift in Sources */,
				502DA8DA2B702322003B8813 /* findPointByLocation.swift in Sources */,
				502DA8F52B7CE7A2003B8813 /* openInMaps.swift in Sources */,
			);
			runOnlyForDeploymentPostprocessing = 0;
		};
/* End PBXSourcesBuildPhase section */

/* Begin XCBuildConfiguration section */
		50384B062B5DB286009DF7C7 /* Debug */ = {
			isa = XCBuildConfiguration;
			buildSettings = {
				ALWAYS_SEARCH_USER_PATHS = NO;
				ASSETCATALOG_COMPILER_GENERATE_SWIFT_ASSET_SYMBOL_EXTENSIONS = YES;
				CLANG_ANALYZER_NONNULL = YES;
				CLANG_ANALYZER_NUMBER_OBJECT_CONVERSION = YES_AGGRESSIVE;
				CLANG_CXX_LANGUAGE_STANDARD = "gnu++20";
				CLANG_ENABLE_MODULES = YES;
				CLANG_ENABLE_OBJC_ARC = YES;
				CLANG_ENABLE_OBJC_WEAK = YES;
				CLANG_WARN_BLOCK_CAPTURE_AUTORELEASING = YES;
				CLANG_WARN_BOOL_CONVERSION = YES;
				CLANG_WARN_COMMA = YES;
				CLANG_WARN_CONSTANT_CONVERSION = YES;
				CLANG_WARN_DEPRECATED_OBJC_IMPLEMENTATIONS = YES;
				CLANG_WARN_DIRECT_OBJC_ISA_USAGE = YES_ERROR;
				CLANG_WARN_DOCUMENTATION_COMMENTS = YES;
				CLANG_WARN_EMPTY_BODY = YES;
				CLANG_WARN_ENUM_CONVERSION = YES;
				CLANG_WARN_INFINITE_RECURSION = YES;
				CLANG_WARN_INT_CONVERSION = YES;
				CLANG_WARN_NON_LITERAL_NULL_CONVERSION = YES;
				CLANG_WARN_OBJC_IMPLICIT_RETAIN_SELF = YES;
				CLANG_WARN_OBJC_LITERAL_CONVERSION = YES;
				CLANG_WARN_OBJC_ROOT_CLASS = YES_ERROR;
				CLANG_WARN_QUOTED_INCLUDE_IN_FRAMEWORK_HEADER = YES;
				CLANG_WARN_RANGE_LOOP_ANALYSIS = YES;
				CLANG_WARN_STRICT_PROTOTYPES = YES;
				CLANG_WARN_SUSPICIOUS_MOVE = YES;
				CLANG_WARN_UNGUARDED_AVAILABILITY = YES_AGGRESSIVE;
				CLANG_WARN_UNREACHABLE_CODE = YES;
				CLANG_WARN__DUPLICATE_METHOD_MATCH = YES;
				COPY_PHASE_STRIP = NO;
				DEBUG_INFORMATION_FORMAT = dwarf;
				ENABLE_STRICT_OBJC_MSGSEND = YES;
				ENABLE_TESTABILITY = YES;
				ENABLE_USER_SCRIPT_SANDBOXING = YES;
				GCC_C_LANGUAGE_STANDARD = gnu17;
				GCC_DYNAMIC_NO_PIC = NO;
				GCC_NO_COMMON_BLOCKS = YES;
				GCC_OPTIMIZATION_LEVEL = 0;
				GCC_PREPROCESSOR_DEFINITIONS = (
					"DEBUG=1",
					"$(inherited)",
				);
				GCC_WARN_64_TO_32_BIT_CONVERSION = YES;
				GCC_WARN_ABOUT_RETURN_TYPE = YES_ERROR;
				GCC_WARN_UNDECLARED_SELECTOR = YES;
				GCC_WARN_UNINITIALIZED_AUTOS = YES_AGGRESSIVE;
				GCC_WARN_UNUSED_FUNCTION = YES;
				GCC_WARN_UNUSED_VARIABLE = YES;
				INFOPLIST_KEY_NSCameraUsageDescription = "Add a Drinking point photo";
				IPHONEOS_DEPLOYMENT_TARGET = 17.2;
				LOCALIZATION_PREFERS_STRING_CATALOGS = YES;
				MTL_ENABLE_DEBUG_INFO = INCLUDE_SOURCE;
				MTL_FAST_MATH = YES;
				ONLY_ACTIVE_ARCH = YES;
				SDKROOT = iphoneos;
				SWIFT_ACTIVE_COMPILATION_CONDITIONS = "DEBUG $(inherited)";
				SWIFT_OPTIMIZATION_LEVEL = "-Onone";
			};
			name = Debug;
		};
		50384B072B5DB286009DF7C7 /* Release */ = {
			isa = XCBuildConfiguration;
			buildSettings = {
				ALWAYS_SEARCH_USER_PATHS = NO;
				ASSETCATALOG_COMPILER_GENERATE_SWIFT_ASSET_SYMBOL_EXTENSIONS = YES;
				CLANG_ANALYZER_NONNULL = YES;
				CLANG_ANALYZER_NUMBER_OBJECT_CONVERSION = YES_AGGRESSIVE;
				CLANG_CXX_LANGUAGE_STANDARD = "gnu++20";
				CLANG_ENABLE_MODULES = YES;
				CLANG_ENABLE_OBJC_ARC = YES;
				CLANG_ENABLE_OBJC_WEAK = YES;
				CLANG_WARN_BLOCK_CAPTURE_AUTORELEASING = YES;
				CLANG_WARN_BOOL_CONVERSION = YES;
				CLANG_WARN_COMMA = YES;
				CLANG_WARN_CONSTANT_CONVERSION = YES;
				CLANG_WARN_DEPRECATED_OBJC_IMPLEMENTATIONS = YES;
				CLANG_WARN_DIRECT_OBJC_ISA_USAGE = YES_ERROR;
				CLANG_WARN_DOCUMENTATION_COMMENTS = YES;
				CLANG_WARN_EMPTY_BODY = YES;
				CLANG_WARN_ENUM_CONVERSION = YES;
				CLANG_WARN_INFINITE_RECURSION = YES;
				CLANG_WARN_INT_CONVERSION = YES;
				CLANG_WARN_NON_LITERAL_NULL_CONVERSION = YES;
				CLANG_WARN_OBJC_IMPLICIT_RETAIN_SELF = YES;
				CLANG_WARN_OBJC_LITERAL_CONVERSION = YES;
				CLANG_WARN_OBJC_ROOT_CLASS = YES_ERROR;
				CLANG_WARN_QUOTED_INCLUDE_IN_FRAMEWORK_HEADER = YES;
				CLANG_WARN_RANGE_LOOP_ANALYSIS = YES;
				CLANG_WARN_STRICT_PROTOTYPES = YES;
				CLANG_WARN_SUSPICIOUS_MOVE = YES;
				CLANG_WARN_UNGUARDED_AVAILABILITY = YES_AGGRESSIVE;
				CLANG_WARN_UNREACHABLE_CODE = YES;
				CLANG_WARN__DUPLICATE_METHOD_MATCH = YES;
				COPY_PHASE_STRIP = NO;
				DEBUG_INFORMATION_FORMAT = "dwarf-with-dsym";
				ENABLE_NS_ASSERTIONS = NO;
				ENABLE_STRICT_OBJC_MSGSEND = YES;
				ENABLE_USER_SCRIPT_SANDBOXING = YES;
				GCC_C_LANGUAGE_STANDARD = gnu17;
				GCC_NO_COMMON_BLOCKS = YES;
				GCC_WARN_64_TO_32_BIT_CONVERSION = YES;
				GCC_WARN_ABOUT_RETURN_TYPE = YES_ERROR;
				GCC_WARN_UNDECLARED_SELECTOR = YES;
				GCC_WARN_UNINITIALIZED_AUTOS = YES_AGGRESSIVE;
				GCC_WARN_UNUSED_FUNCTION = YES;
				GCC_WARN_UNUSED_VARIABLE = YES;
				INFOPLIST_KEY_NSCameraUsageDescription = "Add a Drinking point photo";
				IPHONEOS_DEPLOYMENT_TARGET = 17.2;
				LOCALIZATION_PREFERS_STRING_CATALOGS = YES;
				MTL_ENABLE_DEBUG_INFO = NO;
				MTL_FAST_MATH = YES;
				SDKROOT = iphoneos;
				SWIFT_COMPILATION_MODE = wholemodule;
				VALIDATE_PRODUCT = YES;
			};
			name = Release;
		};
		50384B092B5DB286009DF7C7 /* Debug */ = {
			isa = XCBuildConfiguration;
			buildSettings = {
				ASSETCATALOG_COMPILER_APPICON_NAME = AppIcon;
				ASSETCATALOG_COMPILER_GLOBAL_ACCENT_COLOR_NAME = AccentColor;
				CODE_SIGN_ENTITLEMENTS = DrinkingPoint/DrinkingPoint.entitlements;
				CODE_SIGN_STYLE = Automatic;
				CURRENT_PROJECT_VERSION = 8;
				DEVELOPMENT_ASSET_PATHS = "\"DrinkingPoint/Preview Content\"";
				DEVELOPMENT_TEAM = NRTGJB9J65;
				ENABLE_PREVIEWS = YES;
				GENERATE_INFOPLIST_FILE = YES;
				INFOPLIST_FILE = DrinkingPoint/Info.plist;
				INFOPLIST_KEY_CFBundleDisplayName = "Drink Points";
				INFOPLIST_KEY_LSApplicationCategoryType = "public.app-category.utilities";
				INFOPLIST_KEY_NSCameraUsageDescription = "Drink Points needs access to your camera to let you capture and upload photos of water points. Sharing new or updated drink point photos helps the community find reliable water sources. Your photos make a difference!";
				INFOPLIST_KEY_NSLocationAlwaysAndWhenInUseUsageDescription = "Access your location when in use";
				INFOPLIST_KEY_NSLocationAlwaysUsageDescription = "Not needed";
				INFOPLIST_KEY_NSLocationWhenInUseUsageDescription = "Drink Points requires access to your location to show nearby water points on the map and help you easily find hydration spots. Your location is also used when you wish to add new drink points, ensuring accurate mapping of water sources. Location data is only used within the app to improve your experience.";
				INFOPLIST_KEY_UIApplicationSceneManifest_Generation = YES;
				INFOPLIST_KEY_UIApplicationSupportsIndirectInputEvents = YES;
				INFOPLIST_KEY_UILaunchStoryboardName = LaunchScreen;
				INFOPLIST_KEY_UISupportedInterfaceOrientations_iPad = "UIInterfaceOrientationPortrait UIInterfaceOrientationPortraitUpsideDown UIInterfaceOrientationLandscapeLeft UIInterfaceOrientationLandscapeRight";
				INFOPLIST_KEY_UISupportedInterfaceOrientations_iPhone = "UIInterfaceOrientationPortrait UIInterfaceOrientationLandscapeLeft UIInterfaceOrientationLandscapeRight";
				LD_RUNPATH_SEARCH_PATHS = (
					"$(inherited)",
					"@executable_path/Frameworks",
				);
				MARKETING_VERSION = 1.0;
				PRODUCT_BUNDLE_IDENTIFIER = com.waverun.DrinkingPoint;
				PRODUCT_NAME = "$(TARGET_NAME)";
				SWIFT_EMIT_LOC_STRINGS = YES;
				SWIFT_VERSION = 5.0;
				TARGETED_DEVICE_FAMILY = "1,2";
			};
			name = Debug;
		};
		50384B0A2B5DB286009DF7C7 /* Release */ = {
			isa = XCBuildConfiguration;
			buildSettings = {
				ASSETCATALOG_COMPILER_APPICON_NAME = AppIcon;
				ASSETCATALOG_COMPILER_GLOBAL_ACCENT_COLOR_NAME = AccentColor;
				CODE_SIGN_ENTITLEMENTS = DrinkingPoint/DrinkingPoint.entitlements;
				CODE_SIGN_STYLE = Automatic;
				CURRENT_PROJECT_VERSION = 8;
				DEVELOPMENT_ASSET_PATHS = "\"DrinkingPoint/Preview Content\"";
				DEVELOPMENT_TEAM = NRTGJB9J65;
				ENABLE_PREVIEWS = YES;
				GENERATE_INFOPLIST_FILE = YES;
				INFOPLIST_FILE = DrinkingPoint/Info.plist;
				INFOPLIST_KEY_CFBundleDisplayName = "Drink Points";
				INFOPLIST_KEY_LSApplicationCategoryType = "public.app-category.utilities";
				INFOPLIST_KEY_NSCameraUsageDescription = "Drink Points needs access to your camera to let you capture and upload photos of water points. Sharing new or updated drink point photos helps the community find reliable water sources. Your photos make a difference!";
				INFOPLIST_KEY_NSLocationAlwaysAndWhenInUseUsageDescription = "Access your location when in use";
				INFOPLIST_KEY_NSLocationAlwaysUsageDescription = "Not needed";
				INFOPLIST_KEY_NSLocationWhenInUseUsageDescription = "Drink Points requires access to your location to show nearby water points on the map and help you easily find hydration spots. Your location is also used when you wish to add new drink points, ensuring accurate mapping of water sources. Location data is only used within the app to improve your experience.";
				INFOPLIST_KEY_UIApplicationSceneManifest_Generation = YES;
				INFOPLIST_KEY_UIApplicationSupportsIndirectInputEvents = YES;
				INFOPLIST_KEY_UILaunchStoryboardName = LaunchScreen;
				INFOPLIST_KEY_UISupportedInterfaceOrientations_iPad = "UIInterfaceOrientationPortrait UIInterfaceOrientationPortraitUpsideDown UIInterfaceOrientationLandscapeLeft UIInterfaceOrientationLandscapeRight";
				INFOPLIST_KEY_UISupportedInterfaceOrientations_iPhone = "UIInterfaceOrientationPortrait UIInterfaceOrientationLandscapeLeft UIInterfaceOrientationLandscapeRight";
				LD_RUNPATH_SEARCH_PATHS = (
					"$(inherited)",
					"@executable_path/Frameworks",
				);
				MARKETING_VERSION = 1.0;
				PRODUCT_BUNDLE_IDENTIFIER = com.waverun.DrinkingPoint;
				PRODUCT_NAME = "$(TARGET_NAME)";
				SWIFT_EMIT_LOC_STRINGS = YES;
				SWIFT_VERSION = 5.0;
				TARGETED_DEVICE_FAMILY = "1,2";
			};
			name = Release;
		};
/* End XCBuildConfiguration section */

/* Begin XCConfigurationList section */
		50384AF02B5DB282009DF7C7 /* Build configuration list for PBXProject "DrinkingPoint" */ = {
			isa = XCConfigurationList;
			buildConfigurations = (
				50384B062B5DB286009DF7C7 /* Debug */,
				50384B072B5DB286009DF7C7 /* Release */,
			);
			defaultConfigurationIsVisible = 0;
			defaultConfigurationName = Release;
		};
		50384B082B5DB286009DF7C7 /* Build configuration list for PBXNativeTarget "DrinkingPoint" */ = {
			isa = XCConfigurationList;
			buildConfigurations = (
				50384B092B5DB286009DF7C7 /* Debug */,
				50384B0A2B5DB286009DF7C7 /* Release */,
			);
			defaultConfigurationIsVisible = 0;
			defaultConfigurationName = Release;
		};
/* End XCConfigurationList section */

/* Begin XCRemoteSwiftPackageReference section */
		502DA8E72B7A7248003B8813 /* XCRemoteSwiftPackageReference "geohashkit" */ = {
			isa = XCRemoteSwiftPackageReference;
			repositoryURL = "https://github.com/ualch9/geohashkit.git";
			requirement = {
				kind = upToNextMajorVersion;
				minimumVersion = 3.0.0;
			};
		};
		50384B1D2B617124009DF7C7 /* XCRemoteSwiftPackageReference "firebase-ios-sdk" */ = {
			isa = XCRemoteSwiftPackageReference;
			repositoryURL = "https://github.com/firebase/firebase-ios-sdk";
			requirement = {
				kind = upToNextMajorVersion;
				minimumVersion = 10.20.0;
			};
		};
/* End XCRemoteSwiftPackageReference section */

/* Begin XCSwiftPackageProductDependency section */
		502DA8E82B7A7248003B8813 /* GeohashKit */ = {
			isa = XCSwiftPackageProductDependency;
			package = 502DA8E72B7A7248003B8813 /* XCRemoteSwiftPackageReference "geohashkit" */;
			productName = GeohashKit;
		};
		50384B1E2B617124009DF7C7 /* FirebaseAnalytics */ = {
			isa = XCSwiftPackageProductDependency;
			package = 50384B1D2B617124009DF7C7 /* XCRemoteSwiftPackageReference "firebase-ios-sdk" */;
			productName = FirebaseAnalytics;
		};
		50384B202B617124009DF7C7 /* FirebaseAnalyticsOnDeviceConversion */ = {
			isa = XCSwiftPackageProductDependency;
			package = 50384B1D2B617124009DF7C7 /* XCRemoteSwiftPackageReference "firebase-ios-sdk" */;
			productName = FirebaseAnalyticsOnDeviceConversion;
		};
		50384B222B617124009DF7C7 /* FirebaseAnalyticsSwift */ = {
			isa = XCSwiftPackageProductDependency;
			package = 50384B1D2B617124009DF7C7 /* XCRemoteSwiftPackageReference "firebase-ios-sdk" */;
			productName = FirebaseAnalyticsSwift;
		};
		50384B242B617124009DF7C7 /* FirebaseAnalyticsWithoutAdIdSupport */ = {
			isa = XCSwiftPackageProductDependency;
			package = 50384B1D2B617124009DF7C7 /* XCRemoteSwiftPackageReference "firebase-ios-sdk" */;
			productName = FirebaseAnalyticsWithoutAdIdSupport;
		};
		50384B262B617124009DF7C7 /* FirebaseAppCheck */ = {
			isa = XCSwiftPackageProductDependency;
			package = 50384B1D2B617124009DF7C7 /* XCRemoteSwiftPackageReference "firebase-ios-sdk" */;
			productName = FirebaseAppCheck;
		};
		50384B282B617124009DF7C7 /* FirebaseAppDistribution-Beta */ = {
			isa = XCSwiftPackageProductDependency;
			package = 50384B1D2B617124009DF7C7 /* XCRemoteSwiftPackageReference "firebase-ios-sdk" */;
			productName = "FirebaseAppDistribution-Beta";
		};
		50384B2A2B617124009DF7C7 /* FirebaseAuth */ = {
			isa = XCSwiftPackageProductDependency;
			package = 50384B1D2B617124009DF7C7 /* XCRemoteSwiftPackageReference "firebase-ios-sdk" */;
			productName = FirebaseAuth;
		};
		50384B2C2B617124009DF7C7 /* FirebaseAuthCombine-Community */ = {
			isa = XCSwiftPackageProductDependency;
			package = 50384B1D2B617124009DF7C7 /* XCRemoteSwiftPackageReference "firebase-ios-sdk" */;
			productName = "FirebaseAuthCombine-Community";
		};
		50384B2E2B617124009DF7C7 /* FirebaseCrashlytics */ = {
			isa = XCSwiftPackageProductDependency;
			package = 50384B1D2B617124009DF7C7 /* XCRemoteSwiftPackageReference "firebase-ios-sdk" */;
			productName = FirebaseCrashlytics;
		};
		50384B302B617124009DF7C7 /* FirebaseDatabase */ = {
			isa = XCSwiftPackageProductDependency;
			package = 50384B1D2B617124009DF7C7 /* XCRemoteSwiftPackageReference "firebase-ios-sdk" */;
			productName = FirebaseDatabase;
		};
		50384B322B617124009DF7C7 /* FirebaseDatabaseSwift */ = {
			isa = XCSwiftPackageProductDependency;
			package = 50384B1D2B617124009DF7C7 /* XCRemoteSwiftPackageReference "firebase-ios-sdk" */;
			productName = FirebaseDatabaseSwift;
		};
		50384B342B617124009DF7C7 /* FirebaseDynamicLinks */ = {
			isa = XCSwiftPackageProductDependency;
			package = 50384B1D2B617124009DF7C7 /* XCRemoteSwiftPackageReference "firebase-ios-sdk" */;
			productName = FirebaseDynamicLinks;
		};
		50384B362B617124009DF7C7 /* FirebaseFirestore */ = {
			isa = XCSwiftPackageProductDependency;
			package = 50384B1D2B617124009DF7C7 /* XCRemoteSwiftPackageReference "firebase-ios-sdk" */;
			productName = FirebaseFirestore;
		};
		50384B382B617124009DF7C7 /* FirebaseFirestoreCombine-Community */ = {
			isa = XCSwiftPackageProductDependency;
			package = 50384B1D2B617124009DF7C7 /* XCRemoteSwiftPackageReference "firebase-ios-sdk" */;
			productName = "FirebaseFirestoreCombine-Community";
		};
		50384B3A2B617124009DF7C7 /* FirebaseFirestoreSwift */ = {
			isa = XCSwiftPackageProductDependency;
			package = 50384B1D2B617124009DF7C7 /* XCRemoteSwiftPackageReference "firebase-ios-sdk" */;
			productName = FirebaseFirestoreSwift;
		};
		50384B3C2B617124009DF7C7 /* FirebaseFunctions */ = {
			isa = XCSwiftPackageProductDependency;
			package = 50384B1D2B617124009DF7C7 /* XCRemoteSwiftPackageReference "firebase-ios-sdk" */;
			productName = FirebaseFunctions;
		};
		50384B3E2B617124009DF7C7 /* FirebaseFunctionsCombine-Community */ = {
			isa = XCSwiftPackageProductDependency;
			package = 50384B1D2B617124009DF7C7 /* XCRemoteSwiftPackageReference "firebase-ios-sdk" */;
			productName = "FirebaseFunctionsCombine-Community";
		};
		50384B402B617124009DF7C7 /* FirebaseInAppMessaging-Beta */ = {
			isa = XCSwiftPackageProductDependency;
			package = 50384B1D2B617124009DF7C7 /* XCRemoteSwiftPackageReference "firebase-ios-sdk" */;
			productName = "FirebaseInAppMessaging-Beta";
		};
		50384B422B617124009DF7C7 /* FirebaseInAppMessagingSwift-Beta */ = {
			isa = XCSwiftPackageProductDependency;
			package = 50384B1D2B617124009DF7C7 /* XCRemoteSwiftPackageReference "firebase-ios-sdk" */;
			productName = "FirebaseInAppMessagingSwift-Beta";
		};
		50384B442B617124009DF7C7 /* FirebaseInstallations */ = {
			isa = XCSwiftPackageProductDependency;
			package = 50384B1D2B617124009DF7C7 /* XCRemoteSwiftPackageReference "firebase-ios-sdk" */;
			productName = FirebaseInstallations;
		};
		50384B462B617124009DF7C7 /* FirebaseMLModelDownloader */ = {
			isa = XCSwiftPackageProductDependency;
			package = 50384B1D2B617124009DF7C7 /* XCRemoteSwiftPackageReference "firebase-ios-sdk" */;
			productName = FirebaseMLModelDownloader;
		};
		50384B482B617124009DF7C7 /* FirebaseMessaging */ = {
			isa = XCSwiftPackageProductDependency;
			package = 50384B1D2B617124009DF7C7 /* XCRemoteSwiftPackageReference "firebase-ios-sdk" */;
			productName = FirebaseMessaging;
		};
		50384B4A2B617124009DF7C7 /* FirebasePerformance */ = {
			isa = XCSwiftPackageProductDependency;
			package = 50384B1D2B617124009DF7C7 /* XCRemoteSwiftPackageReference "firebase-ios-sdk" */;
			productName = FirebasePerformance;
		};
		50384B4C2B617124009DF7C7 /* FirebaseRemoteConfig */ = {
			isa = XCSwiftPackageProductDependency;
			package = 50384B1D2B617124009DF7C7 /* XCRemoteSwiftPackageReference "firebase-ios-sdk" */;
			productName = FirebaseRemoteConfig;
		};
		50384B4E2B617124009DF7C7 /* FirebaseRemoteConfigSwift */ = {
			isa = XCSwiftPackageProductDependency;
			package = 50384B1D2B617124009DF7C7 /* XCRemoteSwiftPackageReference "firebase-ios-sdk" */;
			productName = FirebaseRemoteConfigSwift;
		};
		50384B502B617124009DF7C7 /* FirebaseStorage */ = {
			isa = XCSwiftPackageProductDependency;
			package = 50384B1D2B617124009DF7C7 /* XCRemoteSwiftPackageReference "firebase-ios-sdk" */;
			productName = FirebaseStorage;
		};
		50384B522B617124009DF7C7 /* FirebaseStorageCombine-Community */ = {
			isa = XCSwiftPackageProductDependency;
			package = 50384B1D2B617124009DF7C7 /* XCRemoteSwiftPackageReference "firebase-ios-sdk" */;
			productName = "FirebaseStorageCombine-Community";
		};
/* End XCSwiftPackageProductDependency section */

/* Begin XCVersionGroup section */
		50384B032B5DB286009DF7C7 /* DrinkingPoint.xcdatamodeld */ = {
			isa = XCVersionGroup;
			children = (
				50384B042B5DB286009DF7C7 /* DrinkingPoint.xcdatamodel */,
			);
			currentVersion = 50384B042B5DB286009DF7C7 /* DrinkingPoint.xcdatamodel */;
			path = DrinkingPoint.xcdatamodeld;
			sourceTree = "<group>";
			versionGroupType = wrapper.xcdatamodel;
		};
/* End XCVersionGroup section */
	};
	rootObject = 50384AED2B5DB282009DF7C7 /* Project object */;
}
